
Microsoft Visual Studio Solution File, Format Version 12.00
# Visual Studio 15
VisualStudioVersion = 15.0.27428.2002
MinimumVisualStudioVersion = 10.0.40219.1
Project("{FAE04EC0-301F-11D3-BF4B-00C04F79EFBC}") = "TALKiWAYz", "TALKiWAYz\TALKiWAYz.csproj", "{1B579EB9-3EB8-4E1C-8C65-86FE780647FC}"
EndProject
Project("{FAE04EC0-301F-11D3-BF4B-00C04F79EFBC}") = "UWPTextToSpeech", "UWPTextToSpeech\UWPTextToSpeech.csproj", "{65E3EC22-6AEF-4BC6-8015-C8FB1F849584}"
EndProject
Global
	GlobalSection(SolutionConfigurationPlatforms) = preSolution
		Debug|Any CPU = Debug|Any CPU
		Debug|ARM = Debug|ARM
		Debug|x64 = Debug|x64
		Debug|x86 = Debug|x86
		Release|Any CPU = Release|Any CPU
		Release|ARM = Release|ARM
		Release|x64 = Release|x64
		Release|x86 = Release|x86
	EndGlobalSection
	GlobalSection(ProjectConfigurationPlatforms) = postSolution
		{1B579EB9-3EB8-4E1C-8C65-86FE780647FC}.Debug|Any CPU.ActiveCfg = Debug|x86
		{1B579EB9-3EB8-4E1C-8C65-86FE780647FC}.Debug|ARM.ActiveCfg = Debug|ARM
		{1B579EB9-3EB8-4E1C-8C65-86FE780647FC}.Debug|ARM.Build.0 = Debug|ARM
		{1B579EB9-3EB8-4E1C-8C65-86FE780647FC}.Debug|ARM.Deploy.0 = Debug|ARM
		{1B579EB9-3EB8-4E1C-8C65-86FE780647FC}.Debug|x64.ActiveCfg = Debug|x64
		{1B579EB9-3EB8-4E1C-8C65-86FE780647FC}.Debug|x64.Build.0 = Debug|x64
		{1B579EB9-3EB8-4E1C-8C65-86FE780647FC}.Debug|x64.Deploy.0 = Debug|x64
		{1B579EB9-3EB8-4E1C-8C65-86FE780647FC}.Debug|x86.ActiveCfg = Debug|x86
		{1B579EB9-3EB8-4E1C-8C65-86FE780647FC}.Debug|x86.Build.0 = Debug|x86
		{1B579EB9-3EB8-4E1C-8C65-86FE780647FC}.Debug|x86.Deploy.0 = Debug|x86
		{1B579EB9-3EB8-4E1C-8C65-86FE780647FC}.Release|Any CPU.ActiveCfg = Release|x86
		{1B579EB9-3EB8-4E1C-8C65-86FE780647FC}.Release|ARM.ActiveCfg = Release|ARM
		{1B579EB9-3EB8-4E1C-8C65-86FE780647FC}.Release|ARM.Build.0 = Release|ARM
		{1B579EB9-3EB8-4E1C-8C65-86FE780647FC}.Release|ARM.Deploy.0 = Release|ARM
		{1B579EB9-3EB8-4E1C-8C65-86FE780647FC}.Release|x64.ActiveCfg = Release|x64
		{1B579EB9-3EB8-4E1C-8C65-86FE780647FC}.Release|x64.Build.0 = Release|x64
		{1B579EB9-3EB8-4E1C-8C65-86FE780647FC}.Release|x64.Deploy.0 = Release|x64
		{1B579EB9-3EB8-4E1C-8C65-86FE780647FC}.Release|x86.ActiveCfg = Release|x86
		{1B579EB9-3EB8-4E1C-8C65-86FE780647FC}.Release|x86.Build.0 = Release|x86
		{1B579EB9-3EB8-4E1C-8C65-86FE780647FC}.Release|x86.Deploy.0 = Release|x86
		{65E3EC22-6AEF-4BC6-8015-C8FB1F849584}.Debug|Any CPU.ActiveCfg = Debug|Any CPU
		{65E3EC22-6AEF-4BC6-8015-C8FB1F849584}.Debug|Any CPU.Build.0 = Debug|Any CPU
		{65E3EC22-6AEF-4BC6-8015-C8FB1F849584}.Debug|ARM.ActiveCfg = Debug|ARM
		{65E3EC22-6AEF-4BC6-8015-C8FB1F849584}.Debug|ARM.Build.0 = Debug|ARM
		{65E3EC22-6AEF-4BC6-8015-C8FB1F849584}.Debug|x64.ActiveCfg = Debug|x64
		{65E3EC22-6AEF-4BC6-8015-C8FB1F849584}.Debug|x64.Build.0 = Debug|x64
		{65E3EC22-6AEF-4BC6-8015-C8FB1F849584}.Debug|x86.ActiveCfg = Debug|x86
		{65E3EC22-6AEF-4BC6-8015-C8FB1F849584}.Debug|x86.Build.0 = Debug|x86
		{65E3EC22-6AEF-4BC6-8015-C8FB1F849584}.Release|Any CPU.ActiveCfg = Release|Any CPU
		{65E3EC22-6AEF-4BC6-8015-C8FB1F849584}.Release|Any CPU.Build.0 = Release|Any CPU
		{65E3EC22-6AEF-4BC6-8015-C8FB1F849584}.Release|ARM.ActiveCfg = Release|ARM
		{65E3EC22-6AEF-4BC6-8015-C8FB1F849584}.Release|ARM.Build.0 = Release|ARM
		{65E3EC22-6AEF-4BC6-8015-C8FB1F849584}.Release|x64.ActiveCfg = Release|x64
		{65E3EC22-6AEF-4BC6-8015-C8FB1F849584}.Release|x64.Build.0 = Release|x64
		{65E3EC22-6AEF-4BC6-8015-C8FB1F849584}.Release|x86.ActiveCfg = Release|x86
		{65E3EC22-6AEF-4BC6-8015-C8FB1F849584}.Release|x86.Build.0 = Release|x86
	EndGlobalSection
	GlobalSection(SolutionProperties) = preSolution
		HideSolutionNode = FALSE
	EndGlobalSection
	GlobalSection(ExtensibilityGlobals) = postSolution
		SolutionGuid = {0A5C49FE-4782-4EA9-8AEE-9E319F6FAEEB}
	EndGlobalSection
EndGlobal
